{
  "nodes": {
    "icomidal": {
      "inputs": {
        "nixpkgs": [
          "nixpkgs-stable"
        ]
      },
      "locked": {
        "lastModified": 1758628924,
        "narHash": "sha256-95sfywK2SW7gyFOmdTaUElnH/ad/Vf1ahRPkcyr3bPQ=",
        "ref": "refs/heads/master",
        "rev": "1aa2e6087099858c1234fe91f3a4893d98162308",
        "revCount": 5,
        "type": "git",
        "url": "https://deemz.org/git/joeri/icomidal"
      },
      "original": {
        "type": "git",
        "url": "https://deemz.org/git/joeri/icomidal"
      }
    },
    "nixpkgs-stable": {
      "locked": {
        "lastModified": 1751274312,
        "narHash": "sha256-/bVBlRpECLVzjV19t5KMdMFWSwKLtb5RyXdjz3LJT+g=",
        "owner": "nixos",
        "repo": "nixpkgs",
        "rev": "50ab793786d9de88ee30ec4e4c24fb4236fc2674",
        "type": "github"
      },
      "original": {
        "owner": "nixos",
        "ref": "nixos-24.11",
        "repo": "nixpkgs",
        "type": "github"
      }
    },
    "nixpkgs-unstable": {
      "locked": {
        "lastModified": 1758427187,
        "narHash": "sha256-pHpxZ/IyCwoTQPtFIAG2QaxuSm8jWzrzBGjwQZIttJc=",
        "owner": "nixos",
        "repo": "nixpkgs",
        "rev": "554be6495561ff07b6c724047bdd7e0716aa7b46",
        "type": "github"
      },
      "original": {
        "owner": "nixos",
        "ref": "nixos-unstable",
        "repo": "nixpkgs",
        "type": "github"
      }
    },
    "root": {
      "inputs": {
        "icomidal": "icomidal",
        "nixpkgs-stable": "nixpkgs-stable",
        "nixpkgs-unstable": "nixpkgs-unstable"
      }
    }
  },
  "root": "root",
  "version": 7
}
